{
    "name": "public-apis",
    "lockfileVersion": 2,
    "requires": true,
    "packages": {
        "": {
            "name": "public-apis",
            "license": "MIT",
            "dependencies": {
                "remark-parse": "^9.0.0",
                "unified": "^9.2.2"
            }
        },
        "node_modules/@types/mdast": {
            "version": "3.0.10",
            "resolved": "https://registry.npmjs.org/@types/mdast/-/mdast-3.0.10.tgz",
            "integrity": "sha512-W864tg/Osz1+9f4lrGTZpCSO5/z4608eUp19tbozkq2HJK6i3z1kT0H9tlADXuYIb1YYOBByU4Jsqkk75q48qA==",
            "dependencies": {
                "@types/unist": "*"
            }
        },
        "node_modules/@types/unist": {
            "version": "2.0.6",
            "resolved": "https://registry.npmjs.org/@types/unist/-/unist-2.0.6.tgz",
            "integrity": "sha512-PBjIUxZHOuj0R15/xuwJYjFi+KZdNFrehocChv4g5hu6aFroHue8m0lBP0POdK2nKzbw0cgV1mws8+V/JAcEkQ=="
        },
        "node_modules/bail": {
            "version": "1.0.5",
            "resolved": "https://registry.npmjs.org/bail/-/bail-1.0.5.tgz",
            "integrity": "sha512-xFbRxM1tahm08yHBP16MMjVUAvDaBMD38zsM9EMAUN61omwLmKlOpB/Zku5QkjZ8TZ4vn53pj+t518cH0S03RQ==",
            "funding": {
                "type": "github",
                "url": "https://github.com/sponsors/wooorm"
            }
        },
        "node_modules/character-entities": {
            "version": "1.2.4",
            "resolved": "https://registry.npmjs.org/character-entities/-/character-entities-1.2.4.tgz",
            "integrity": "sha512-iBMyeEHxfVnIakwOuDXpVkc54HijNgCyQB2w0VfGQThle6NXn50zU6V/u+LDhxHcDUPojn6Kpga3PTAD8W1bQw==",
            "funding": {
                "type": "github",
                "url": "https://github.com/sponsors/wooorm"
            }
        },
        "node_modules/character-entities-legacy": {
            "version": "1.1.4",
            "resolved": "https://registry.npmjs.org/character-entities-legacy/-/character-entities-legacy-1.1.4.tgz",
            "integrity": "sha512-3Xnr+7ZFS1uxeiUDvV02wQ+QDbc55o97tIV5zHScSPJpcLm/r0DFPcoY3tYRp+VZukxuMeKgXYmsXQHO05zQeA==",
            "funding": {
                "type": "github",
                "url": "https://github.com/sponsors/wooorm"
            }
        },
        "node_modules/character-reference-invalid": {
            "version": "1.1.4",
            "resolved": "https://registry.npmjs.org/character-reference-invalid/-/character-reference-invalid-1.1.4.tgz",
            "integrity": "sha512-mKKUkUbhPpQlCOfIuZkvSEgktjPFIsZKRRbC6KWVEMvlzblj3i3asQv5ODsrwt0N3pHAEvjP8KTQPHkp0+6jOg==",
            "funding": {
                "type": "github",
                "url": "https://github.com/sponsors/wooorm"
            }
        },
        "node_modules/debug": {
            "version": "4.3.4",
            "resolved": "https://registry.npmjs.org/debug/-/debug-4.3.4.tgz",
            "integrity": "sha512-PRWFHuSU3eDtQJPvnNY7Jcket1j0t5OuOsFzPPzsekD52Zl8qUfFIPEiswXqIvHWGVHOgX+7G/vCNNhehwxfkQ==",
            "dependencies": {
                "ms": "2.1.2"
            },
            "engines": {
                "node": ">=6.0"
            },
            "peerDependenciesMeta": {
                "supports-color": {
                    "optional": true
                }
            }
        },
        "node_modules/extend": {
            "version": "3.0.2",
            "resolved": "https://registry.npmjs.org/extend/-/extend-3.0.2.tgz",
            "integrity": "sha512-fjquC59cD7CyW6urNXK0FBufkZcoiGG80wTuPujX590cB5Ttln20E2UB4S/WARVqhXffZl2LNgS+gQdPIIim/g=="
        },
        "node_modules/is-alphabetical": {
            "version": "1.0.4",
            "resolved": "https://registry.npmjs.org/is-alphabetical/-/is-alphabetical-1.0.4.tgz",
            "integrity": "sha512-DwzsA04LQ10FHTZuL0/grVDk4rFoVH1pjAToYwBrHSxcrBIGQuXrQMtD5U1b0U2XVgKZCTLLP8u2Qxqhy3l2Vg==",
            "funding": {
                "type": "github",
                "url": "https://github.com/sponsors/wooorm"
            }
        },
        "node_modules/is-alphanumerical": {
            "version": "1.0.4",
            "resolved": "https://registry.npmjs.org/is-alphanumerical/-/is-alphanumerical-1.0.4.tgz",
            "integrity": "sha512-UzoZUr+XfVz3t3v4KyGEniVL9BDRoQtY7tOyrRybkVNjDFWyo1yhXNGrrBTQxp3ib9BLAWs7k2YKBQsFRkZG9A==",
            "dependencies": {
                "is-alphabetical": "^1.0.0",
                "is-decimal": "^1.0.0"
            },
            "funding": {
                "type": "github",
                "url": "https://github.com/sponsors/wooorm"
            }
        },
        "node_modules/is-buffer": {
            "version": "2.0.5",
            "resolved": "https://registry.npmjs.org/is-buffer/-/is-buffer-2.0.5.tgz",
            "integrity": "sha512-i2R6zNFDwgEHJyQUtJEk0XFi1i0dPFn/oqjK3/vPCcDeJvW5NQ83V8QbicfF1SupOaB0h8ntgBC2YiE7dfyctQ==",
            "funding": [
                {
                    "type": "github",
                    "url": "https://github.com/sponsors/feross"
                },
                {
                    "type": "patreon",
                    "url": "https://www.patreon.com/feross"
                },
                {
                    "type": "consulting",
                    "url": "https://feross.org/support"
                }
            ],
            "engines": {
                "node": ">=4"
            }
        },
        "node_modules/is-decimal": {
            "version": "1.0.4",
            "resolved": "https://registry.npmjs.org/is-decimal/-/is-decimal-1.0.4.tgz",
            "integrity": "sha512-RGdriMmQQvZ2aqaQq3awNA6dCGtKpiDFcOzrTWrDAT2MiWrKQVPmxLGHl7Y2nNu6led0kEyoX0enY0qXYsv9zw==",
            "funding": {
                "type": "github",
                "url": "https://github.com/sponsors/wooorm"
            }
        },
        "node_modules/is-hexadecimal": {
            "version": "1.0.4",
            "resolved": "https://registry.npmjs.org/is-hexadecimal/-/is-hexadecimal-1.0.4.tgz",
            "integrity": "sha512-gyPJuv83bHMpocVYoqof5VDiZveEoGoFL8m3BXNb2VW8Xs+rz9kqO8LOQ5DH6EsuvilT1ApazU0pyl+ytbPtlw==",
            "funding": {
                "type": "github",
                "url": "https://github.com/sponsors/wooorm"
            }
        },
        "node_modules/is-plain-obj": {
            "version": "2.1.0",
            "resolved": "https://registry.npmjs.org/is-plain-obj/-/is-plain-obj-2.1.0.tgz",
            "integrity": "sha512-YWnfyRwxL/+SsrWYfOpUtz5b3YD+nyfkHvjbcanzk8zgyO4ASD67uVMRt8k5bM4lLMDnXfriRhOpemw+NfT1eA==",
            "engines": {
                "node": ">=8"
            }
        },
        "node_modules/mdast-util-from-markdown": {
            "version": "0.8.5",
            "resolved": "https://registry.npmjs.org/mdast-util-from-markdown/-/mdast-util-from-markdown-0.8.5.tgz",
            "integrity": "sha512-2hkTXtYYnr+NubD/g6KGBS/0mFmBcifAsI0yIWRiRo0PjVs6SSOSOdtzbp6kSGnShDN6G5aWZpKQ2lWRy27mWQ==",
            "dependencies": {
                "@types/mdast": "^3.0.0",
                "mdast-util-to-string": "^2.0.0",
                "micromark": "~2.11.0",
                "parse-entities": "^2.0.0",
                "unist-util-stringify-position": "^2.0.0"
            },
            "funding": {
                "type": "opencollective",
                "url": "https://opencollective.com/unified"
            }
        },
        "node_modules/mdast-util-from-markdown/node_modules/parse-entities": {
            "version": "2.0.0",
            "resolved": "https://registry.npmjs.org/parse-entities/-/parse-entities-2.0.0.tgz",
            "integrity": "sha512-kkywGpCcRYhqQIchaWqZ875wzpS/bMKhz5HnN3p7wveJTkTtyAB/AlnS0f8DFSqYW1T82t6yEAkEcB+A1I3MbQ==",
            "dependencies": {
                "character-entities": "^1.0.0",
                "character-entities-legacy": "^1.0.0",
                "character-reference-invalid": "^1.0.0",
                "is-alphanumerical": "^1.0.0",
                "is-decimal": "^1.0.0",
                "is-hexadecimal": "^1.0.0"
            },
            "funding": {
                "type": "github",
                "url": "https://github.com/sponsors/wooorm"
            }
        },
        "node_modules/mdast-util-to-string": {
            "version": "2.0.0",
            "resolved": "https://registry.npmjs.org/mdast-util-to-string/-/mdast-util-to-string-2.0.0.tgz",
            "integrity": "sha512-AW4DRS3QbBayY/jJmD8437V1Gombjf8RSOUCMFBuo5iHi58AGEgVCKQ+ezHkZZDpAQS75hcBMpLqjpJTjtUL7w==",
            "funding": {
                "type": "opencollective",
                "url": "https://opencollective.com/unified"
            }
        },
        "node_modules/micromark": {
            "version": "2.11.4",
            "resolved": "https://registry.npmjs.org/micromark/-/micromark-2.11.4.tgz",
            "integrity": "sha512-+WoovN/ppKolQOFIAajxi7Lu9kInbPxFuTBVEavFcL8eAfVstoc5MocPmqBeAdBOJV00uaVjegzH4+MA0DN/uA==",
            "funding": [
                {
                    "type": "GitHub Sponsors",
                    "url": "https://github.com/sponsors/unifiedjs"
                },
                {
                    "type": "OpenCollective",
                    "url": "https://opencollective.com/unified"
                }
            ],
            "dependencies": {
                "debug": "^4.0.0",
                "parse-entities": "^2.0.0"
            }
        },
        "node_modules/micromark/node_modules/parse-entities": {
            "version": "2.0.0",
            "resolved": "https://registry.npmjs.org/parse-entities/-/parse-entities-2.0.0.tgz",
            "integrity": "sha512-kkywGpCcRYhqQIchaWqZ875wzpS/bMKhz5HnN3p7wveJTkTtyAB/AlnS0f8DFSqYW1T82t6yEAkEcB+A1I3MbQ==",
            "dependencies": {
                "character-entities": "^1.0.0",
                "character-entities-legacy": "^1.0.0",
                "character-reference-invalid": "^1.0.0",
                "is-alphanumerical": "^1.0.0",
                "is-decimal": "^1.0.0",
                "is-hexadecimal": "^1.0.0"
            },
            "funding": {
                "type": "github",
                "url": "https://github.com/sponsors/wooorm"
            }
        },
        "node_modules/ms": {
            "version": "2.1.2",
            "resolved": "https://registry.npmjs.org/ms/-/ms-2.1.2.tgz",
            "integrity": "sha512-sGkPx+VjMtmA6MX27oA4FBFELFCZZ4S4XqeGOXCv68tT+jb3vk/RyaKWP0PTKyWtmLSM0b+adUTEvbs1PEaH2w=="
        },
        "node_modules/remark-parse": {
            "version": "9.0.0",
            "resolved": "https://registry.npmjs.org/remark-parse/-/remark-parse-9.0.0.tgz",
            "integrity": "sha512-geKatMwSzEXKHuzBNU1z676sGcDcFoChMK38TgdHJNAYfFtsfHDQG7MoJAjs6sgYMqyLduCYWDIWZIxiPeafEw==",
            "dependencies": {
                "mdast-util-from-markdown": "^0.8.0"
            },
            "funding": {
                "type": "opencollective",
                "url": "https://opencollective.com/unified"
            }
        },
        "node_modules/trough": {
            "version": "1.0.5",
            "resolved": "https://registry.npmjs.org/trough/-/trough-1.0.5.tgz",
            "integrity": "sha512-rvuRbTarPXmMb79SmzEp8aqXNKcK+y0XaB298IXueQ8I2PsrATcPBCSPyK/dDNa2iWOhKlfNnOjdAOTBU/nkFA==",
            "funding": {
                "type": "github",
                "url": "https://github.com/sponsors/wooorm"
            }
        },
        "node_modules/unified": {
            "version": "9.2.2",
            "resolved": "https://registry.npmjs.org/unified/-/unified-9.2.2.tgz",
            "integrity": "sha512-Sg7j110mtefBD+qunSLO1lqOEKdrwBFBrR6Qd8f4uwkhWNlbkaqwHse6e7QvD3AP/MNoJdEDLaf8OxYyoWgorQ==",
            "dependencies": {
                "bail": "^1.0.0",
                "extend": "^3.0.0",
                "is-buffer": "^2.0.0",
                "is-plain-obj": "^2.0.0",
                "trough": "^1.0.0",
                "vfile": "^4.0.0"
            },
            "funding": {
                "type": "opencollective",
                "url": "https://opencollective.com/unified"
            }
        },
        "node_modules/unist-util-stringify-position": {
            "version": "2.0.3",
            "resolved": "https://registry.npmjs.org/unist-util-stringify-position/-/unist-util-stringify-position-2.0.3.tgz",
            "integrity": "sha512-3faScn5I+hy9VleOq/qNbAd6pAx7iH5jYBMS9I1HgQVijz/4mv5Bvw5iw1sC/90CODiKo81G/ps8AJrISn687g==",
            "dependencies": {
                "@types/unist": "^2.0.2"
            },
            "funding": {
                "type": "opencollective",
                "url": "https://opencollective.com/unified"
            }
        },
        "node_modules/vfile": {
            "version": "4.2.1",
            "resolved": "https://registry.npmjs.org/vfile/-/vfile-4.2.1.tgz",
            "integrity": "sha512-O6AE4OskCG5S1emQ/4gl8zK586RqA3srz3nfK/Viy0UPToBc5Trp9BVFb1u0CjsKrAWwnpr4ifM/KBXPWwJbCA==",
            "dependencies": {
                "@types/unist": "^2.0.0",
                "is-buffer": "^2.0.0",
                "unist-util-stringify-position": "^2.0.0",
                "vfile-message": "^2.0.0"
            },
            "funding": {
                "type": "opencollective",
                "url": "https://opencollective.com/unified"
            }
        },
        "node_modules/vfile-message": {
            "version": "2.0.4",
            "resolved": "https://registry.npmjs.org/vfile-message/-/vfile-message-2.0.4.tgz",
            "integrity": "sha512-DjssxRGkMvifUOJre00juHoP9DPWuzjxKuMDrhNbk2TdaYYBNMStsNhEOt3idrtI12VQYM/1+iM0KOzXi4pxwQ==",
            "dependencies": {
                "@types/unist": "^2.0.0",
                "unist-util-stringify-position": "^2.0.0"
            },
            "funding": {
                "type": "opencollective",
                "url": "https://opencollective.com/unified"
            }
        }
    },
    "dependencies": {
        "@types/mdast": {
            "version": "3.0.10",
            "resolved": "https://registry.npmjs.org/@types/mdast/-/mdast-3.0.10.tgz",
            "integrity": "sha512-W864tg/Osz1+9f4lrGTZpCSO5/z4608eUp19tbozkq2HJK6i3z1kT0H9tlADXuYIb1YYOBByU4Jsqkk75q48qA==",
            "requires": {
                "@types/unist": "*"
            }
        },
        "@types/unist": {
            "version": "2.0.6",
            "resolved": "https://registry.npmjs.org/@types/unist/-/unist-2.0.6.tgz",
            "integrity": "sha512-PBjIUxZHOuj0R15/xuwJYjFi+KZdNFrehocChv4g5hu6aFroHue8m0lBP0POdK2nKzbw0cgV1mws8+V/JAcEkQ=="
        },
        "bail": {
            "version": "1.0.5",
            "resolved": "https://registry.npmjs.org/bail/-/bail-1.0.5.tgz",
            "integrity": "sha512-xFbRxM1tahm08yHBP16MMjVUAvDaBMD38zsM9EMAUN61omwLmKlOpB/Zku5QkjZ8TZ4vn53pj+t518cH0S03RQ=="
        },
        "character-entities": {
            "version": "1.2.4",
            "resolved": "https://registry.npmjs.org/character-entities/-/character-entities-1.2.4.tgz",
            "integrity": "sha512-iBMyeEHxfVnIakwOuDXpVkc54HijNgCyQB2w0VfGQThle6NXn50zU6V/u+LDhxHcDUPojn6Kpga3PTAD8W1bQw=="
        },
        "character-entities-legacy": {
            "version": "1.1.4",
            "resolved": "https://registry.npmjs.org/character-entities-legacy/-/character-entities-legacy-1.1.4.tgz",
            "integrity": "sha512-3Xnr+7ZFS1uxeiUDvV02wQ+QDbc55o97tIV5zHScSPJpcLm/r0DFPcoY3tYRp+VZukxuMeKgXYmsXQHO05zQeA=="
        },
        "character-reference-invalid": {
            "version": "1.1.4",
            "resolved": "https://registry.npmjs.org/character-reference-invalid/-/character-reference-invalid-1.1.4.tgz",
            "integrity": "sha512-mKKUkUbhPpQlCOfIuZkvSEgktjPFIsZKRRbC6KWVEMvlzblj3i3asQv5ODsrwt0N3pHAEvjP8KTQPHkp0+6jOg=="
        },
        "debug": {
            "version": "4.3.4",
            "resolved": "https://registry.npmjs.org/debug/-/debug-4.3.4.tgz",
            "integrity": "sha512-PRWFHuSU3eDtQJPvnNY7Jcket1j0t5OuOsFzPPzsekD52Zl8qUfFIPEiswXqIvHWGVHOgX+7G/vCNNhehwxfkQ==",
            "requires": {
                "ms": "2.1.2"
            }
        },
        "extend": {
            "version": "3.0.2",
            "resolved": "https://registry.npmjs.org/extend/-/extend-3.0.2.tgz",
            "integrity": "sha512-fjquC59cD7CyW6urNXK0FBufkZcoiGG80wTuPujX590cB5Ttln20E2UB4S/WARVqhXffZl2LNgS+gQdPIIim/g=="
        },
        "is-alphabetical": {
            "version": "1.0.4",
            "resolved": "https://registry.npmjs.org/is-alphabetical/-/is-alphabetical-1.0.4.tgz",
            "integrity": "sha512-DwzsA04LQ10FHTZuL0/grVDk4rFoVH1pjAToYwBrHSxcrBIGQuXrQMtD5U1b0U2XVgKZCTLLP8u2Qxqhy3l2Vg=="
        },
        "is-alphanumerical": {
            "version": "1.0.4",
            "resolved": "https://registry.npmjs.org/is-alphanumerical/-/is-alphanumerical-1.0.4.tgz",
            "integrity": "sha512-UzoZUr+XfVz3t3v4KyGEniVL9BDRoQtY7tOyrRybkVNjDFWyo1yhXNGrrBTQxp3ib9BLAWs7k2YKBQsFRkZG9A==",
            "requires": {
                "is-alphabetical": "^1.0.0",
                "is-decimal": "^1.0.0"
            }
        },
        "is-buffer": {
            "version": "2.0.5",
            "resolved": "https://registry.npmjs.org/is-buffer/-/is-buffer-2.0.5.tgz",
            "integrity": "sha512-i2R6zNFDwgEHJyQUtJEk0XFi1i0dPFn/oqjK3/vPCcDeJvW5NQ83V8QbicfF1SupOaB0h8ntgBC2YiE7dfyctQ=="
        },
        "is-decimal": {
            "version": "1.0.4",
            "resolved": "https://registry.npmjs.org/is-decimal/-/is-decimal-1.0.4.tgz",
            "integrity": "sha512-RGdriMmQQvZ2aqaQq3awNA6dCGtKpiDFcOzrTWrDAT2MiWrKQVPmxLGHl7Y2nNu6led0kEyoX0enY0qXYsv9zw=="
        },
        "is-hexadecimal": {
            "version": "1.0.4",
            "resolved": "https://registry.npmjs.org/is-hexadecimal/-/is-hexadecimal-1.0.4.tgz",
            "integrity": "sha512-gyPJuv83bHMpocVYoqof5VDiZveEoGoFL8m3BXNb2VW8Xs+rz9kqO8LOQ5DH6EsuvilT1ApazU0pyl+ytbPtlw=="
        },
        "is-plain-obj": {
            "version": "2.1.0",
            "resolved": "https://registry.npmjs.org/is-plain-obj/-/is-plain-obj-2.1.0.tgz",
            "integrity": "sha512-YWnfyRwxL/+SsrWYfOpUtz5b3YD+nyfkHvjbcanzk8zgyO4ASD67uVMRt8k5bM4lLMDnXfriRhOpemw+NfT1eA=="
        },
        "mdast-util-from-markdown": {
            "version": "0.8.5",
            "resolved": "https://registry.npmjs.org/mdast-util-from-markdown/-/mdast-util-from-markdown-0.8.5.tgz",
            "integrity": "sha512-2hkTXtYYnr+NubD/g6KGBS/0mFmBcifAsI0yIWRiRo0PjVs6SSOSOdtzbp6kSGnShDN6G5aWZpKQ2lWRy27mWQ==",
            "requires": {
                "@types/mdast": "^3.0.0",
                "mdast-util-to-string": "^2.0.0",
                "micromark": "~2.11.0",
                "parse-entities": "^2.0.0",
                "unist-util-stringify-position": "^2.0.0"
            },
            "dependencies": {
                "parse-entities": {
                    "version": "2.0.0",
                    "resolved": "https://registry.npmjs.org/parse-entities/-/parse-entities-2.0.0.tgz",
                    "integrity": "sha512-kkywGpCcRYhqQIchaWqZ875wzpS/bMKhz5HnN3p7wveJTkTtyAB/AlnS0f8DFSqYW1T82t6yEAkEcB+A1I3MbQ==",
                    "requires": {
                        "character-entities": "^1.0.0",
                        "character-entities-legacy": "^1.0.0",
                        "character-reference-invalid": "^1.0.0",
                        "is-alphanumerical": "^1.0.0",
                        "is-decimal": "^1.0.0",
                        "is-hexadecimal": "^1.0.0"
                    }
                }
            }
        },
        "mdast-util-to-string": {
            "version": "2.0.0",
            "resolved": "https://registry.npmjs.org/mdast-util-to-string/-/mdast-util-to-string-2.0.0.tgz",
            "integrity": "sha512-AW4DRS3QbBayY/jJmD8437V1Gombjf8RSOUCMFBuo5iHi58AGEgVCKQ+ezHkZZDpAQS75hcBMpLqjpJTjtUL7w=="
        },
        "micromark": {
            "version": "2.11.4",
            "resolved": "https://registry.npmjs.org/micromark/-/micromark-2.11.4.tgz",
            "integrity": "sha512-+WoovN/ppKolQOFIAajxi7Lu9kInbPxFuTBVEavFcL8eAfVstoc5MocPmqBeAdBOJV00uaVjegzH4+MA0DN/uA==",
            "requires": {
                "debug": "^4.0.0",
                "parse-entities": "^2.0.0"
            },
            "dependencies": {
                "parse-entities": {
                    "version": "2.0.0",
                    "resolved": "https://registry.npmjs.org/parse-entities/-/parse-entities-2.0.0.tgz",
                    "integrity": "sha512-kkywGpCcRYhqQIchaWqZ875wzpS/bMKhz5HnN3p7wveJTkTtyAB/AlnS0f8DFSqYW1T82t6yEAkEcB+A1I3MbQ==",
                    "requires": {
                        "character-entities": "^1.0.0",
                        "character-entities-legacy": "^1.0.0",
                        "character-reference-invalid": "^1.0.0",
                        "is-alphanumerical": "^1.0.0",
                        "is-decimal": "^1.0.0",
                        "is-hexadecimal": "^1.0.0"
                    }
                }
            }
        },
        "ms": {
            "version": "2.1.2",
            "resolved": "https://registry.npmjs.org/ms/-/ms-2.1.2.tgz",
            "integrity": "sha512-sGkPx+VjMtmA6MX27oA4FBFELFCZZ4S4XqeGOXCv68tT+jb3vk/RyaKWP0PTKyWtmLSM0b+adUTEvbs1PEaH2w=="
        },
        "remark-parse": {
            "version": "9.0.0",
            "resolved": "https://registry.npmjs.org/remark-parse/-/remark-parse-9.0.0.tgz",
            "integrity": "sha512-geKatMwSzEXKHuzBNU1z676sGcDcFoChMK38TgdHJNAYfFtsfHDQG7MoJAjs6sgYMqyLduCYWDIWZIxiPeafEw==",
            "requires": {
                "mdast-util-from-markdown": "^0.8.0"
            }
        },
        "trough": {
            "version": "1.0.5",
            "resolved": "https://registry.npmjs.org/trough/-/trough-1.0.5.tgz",
            "integrity": "sha512-rvuRbTarPXmMb79SmzEp8aqXNKcK+y0XaB298IXueQ8I2PsrATcPBCSPyK/dDNa2iWOhKlfNnOjdAOTBU/nkFA=="
        },
        "unified": {
            "version": "9.2.2",
            "resolved": "https://registry.npmjs.org/unified/-/unified-9.2.2.tgz",
            "integrity": "sha512-Sg7j110mtefBD+qunSLO1lqOEKdrwBFBrR6Qd8f4uwkhWNlbkaqwHse6e7QvD3AP/MNoJdEDLaf8OxYyoWgorQ==",
            "requires": {
                "bail": "^1.0.0",
                "extend": "^3.0.0",
                "is-buffer": "^2.0.0",
                "is-plain-obj": "^2.0.0",
                "trough": "^1.0.0",
                "vfile": "^4.0.0"
            }
        },
        "unist-util-stringify-position": {
            "version": "2.0.3",
            "resolved": "https://registry.npmjs.org/unist-util-stringify-position/-/unist-util-stringify-position-2.0.3.tgz",
            "integrity": "sha512-3faScn5I+hy9VleOq/qNbAd6pAx7iH5jYBMS9I1HgQVijz/4mv5Bvw5iw1sC/90CODiKo81G/ps8AJrISn687g==",
            "requires": {
                "@types/unist": "^2.0.2"
            }
        },
        "vfile": {
            "version": "4.2.1",
            "resolved": "https://registry.npmjs.org/vfile/-/vfile-4.2.1.tgz",
            "integrity": "sha512-O6AE4OskCG5S1emQ/4gl8zK586RqA3srz3nfK/Viy0UPToBc5Trp9BVFb1u0CjsKrAWwnpr4ifM/KBXPWwJbCA==",
            "requires": {
                "@types/unist": "^2.0.0",
                "is-buffer": "^2.0.0",
                "unist-util-stringify-position": "^2.0.0",
                "vfile-message": "^2.0.0"
            }
        },
        "vfile-message": {
            "version": "2.0.4",
            "resolved": "https://registry.npmjs.org/vfile-message/-/vfile-message-2.0.4.tgz",
            "integrity": "sha512-DjssxRGkMvifUOJre00juHoP9DPWuzjxKuMDrhNbk2TdaYYBNMStsNhEOt3idrtI12VQYM/1+iM0KOzXi4pxwQ==",
            "requires": {
                "@types/unist": "^2.0.0",
                "unist-util-stringify-position": "^2.0.0"
            }
        }
    }
}
